
Microsoft Visual Studio Solution File, Format Version 12.00
# Visual Studio Version 16
VisualStudioVersion = 16.0.31624.102
MinimumVisualStudioVersion = 10.0.40219.1
Project("{FAE04EC0-301F-11D3-BF4B-00C04F79EFBC}") = "TestProjectCoderByte", "TestProjectCoderByte.csproj", "{B1386D74-060B-4AC3-A539-DF3F70A6D588}"
EndProject
Global
	GlobalSection(SolutionConfigurationPlatforms) = preSolution
		Debug|Any CPU = Debug|Any CPU
		Release|Any CPU = Release|Any CPU
	EndGlobalSection
	GlobalSection(ProjectConfigurationPlatforms) = postSolution
		{B1386D74-060B-4AC3-A539-DF3F70A6D588}.Debug|Any CPU.ActiveCfg = Debug|Any CPU
		{B1386D74-060B-4AC3-A539-DF3F70A6D588}.Debug|Any CPU.Build.0 = Debug|Any CPU
		{B1386D74-060B-4AC3-A539-DF3F70A6D588}.Release|Any CPU.ActiveCfg = Release|Any CPU
		{B1386D74-060B-4AC3-A539-DF3F70A6D588}.Release|Any CPU.Build.0 = Release|Any CPU
	EndGlobalSection
	GlobalSection(SolutionProperties) = preSolution
		HideSolutionNode = FALSE
	EndGlobalSection
	GlobalSection(ExtensibilityGlobals) = postSolution
		SolutionGuid = {FC57F1D7-C0D2-4F98-9C0C-0ABA88CCE7FE}
	EndGlobalSection
EndGlobal
